// !$*UTF8*$!
{
	archiveVersion = 1;
	classes = {
	};
	objectVersion = 50;
	objects = {

/* Begin PBXBuildFile section */
		AF01102A22F1500400AC643B /* AppDelegate.swift in Sources */ = {isa = PBXBuildFile; fileRef = AF01102922F1500400AC643B /* AppDelegate.swift */; };
		AF01102C22F1500400AC643B /* ViewController.swift in Sources */ = {isa = PBXBuildFile; fileRef = AF01102B22F1500400AC643B /* ViewController.swift */; };
		AF01102F22F1500400AC643B /* Main.storyboard in Resources */ = {isa = PBXBuildFile; fileRef = AF01102D22F1500400AC643B /* Main.storyboard */; };
		AF01103222F1500400AC643B /* HealthyDog.xcdatamodeld in Sources */ = {isa = PBXBuildFile; fileRef = AF01103022F1500400AC643B /* HealthyDog.xcdatamodeld */; };
		AF01103422F1500700AC643B /* Assets.xcassets in Resources */ = {isa = PBXBuildFile; fileRef = AF01103322F1500700AC643B /* Assets.xcassets */; };
		AF01103722F1500700AC643B /* LaunchScreen.storyboard in Resources */ = {isa = PBXBuildFile; fileRef = AF01103522F1500700AC643B /* LaunchScreen.storyboard */; };
		AF8D531C22FA1C4F00786F25 /* calculations.swift in Sources */ = {isa = PBXBuildFile; fileRef = AF8D531B22FA1C4F00786F25 /* calculations.swift */; };
/* End PBXBuildFile section */

/* Begin PBXFileReference section */
		AF01102622F1500400AC643B /* HealthyDog.app */ = {isa = PBXFileReference; explicitFileType = wrapper.application; includeInIndex = 0; path = HealthyDog.app; sourceTree = BUILT_PRODUCTS_DIR; };
		AF01102922F1500400AC643B /* AppDelegate.swift */ = {isa = PBXFileReference; lastKnownFileType = sourcecode.swift; path = AppDelegate.swift; sourceTree = "<group>"; };
		AF01102B22F1500400AC643B /* ViewController.swift */ = {isa = PBXFileReference; lastKnownFileType = sourcecode.swift; path = ViewController.swift; sourceTree = "<group>"; };
		AF01102E22F1500400AC643B /* Base */ = {isa = PBXFileReference; lastKnownFileType = file.storyboard; name = Base; path = Base.lproj/Main.storyboard; sourceTree = "<group>"; };
		AF01103122F1500400AC643B /* HealthyDog.xcdatamodel */ = {isa = PBXFileReference; lastKnownFileType = wrapper.xcdatamodel; path = HealthyDog.xcdatamodel; sourceTree = "<group>"; };
		AF01103322F1500700AC643B /* Assets.xcassets */ = {isa = PBXFileReference; lastKnownFileType = folder.assetcatalog; path = Assets.xcassets; sourceTree = "<group>"; };
		AF01103622F1500700AC643B /* Base */ = {isa = PBXFileReference; lastKnownFileType = file.storyboard; name = Base; path = Base.lproj/LaunchScreen.storyboard; sourceTree = "<group>"; };
		AF01103822F1500700AC643B /* Info.plist */ = {isa = PBXFileReference; lastKnownFileType = text.plist.xml; path = Info.plist; sourceTree = "<group>"; };
		AF8D531B22FA1C4F00786F25 /* calculations.swift */ = {isa = PBXFileReference; lastKnownFileType = sourcecode.swift; path = calculations.swift; sourceTree = "<group>"; };
/* End PBXFileReference section */

/* Begin PBXFrameworksBuildPhase section */
		AF01102322F1500400AC643B /* Frameworks */ = {
			isa = PBXFrameworksBuildPhase;
			buildActionMask = 2147483647;
			files = (
			);
			runOnlyForDeploymentPostprocessing = 0;
		};
/* End PBXFrameworksBuildPhase section */

/* Begin PBXGroup section */
		AF01101D22F1500400AC643B = {
			isa = PBXGroup;
			children = (
				AF01102822F1500400AC643B /* HealthyDog */,
				AF01102722F1500400AC643B /* Products */,
			);
			sourceTree = "<group>";
		};
		AF01102722F1500400AC643B /* Products */ = {
			isa = PBXGroup;
			children = (
				AF01102622F1500400AC643B /* HealthyDog.app */,
			);
			name = Products;
			sourceTree = "<group>";
		};
		AF01102822F1500400AC643B /* HealthyDog */ = {
			isa = PBXGroup;
			children = (
				AF01102922F1500400AC643B /* AppDelegate.swift */,
				AF01102B22F1500400AC643B /* ViewController.swift */,
				AF8D531B22FA1C4F00786F25 /* calculations.swift */,
				AF01102D22F1500400AC643B /* Main.storyboard */,
				AF01103322F1500700AC643B /* Assets.xcassets */,
				AF01103522F1500700AC643B /* LaunchScreen.storyboard */,
				AF01103822F1500700AC643B /* Info.plist */,
				AF01103022F1500400AC643B /* HealthyDog.xcdatamodeld */,
			);
			path = HealthyDog;
			sourceTree = "<group>";
		};
/* End PBXGroup section */

/* Begin PBXNativeTarget section */
		AF01102522F1500400AC643B /* HealthyDog */ = {
			isa = PBXNativeTarget;
			buildConfigurationList = AF01103B22F1500700AC643B /* Build configuration list for PBXNativeTarget "HealthyDog" */;
			buildPhases = (
				AF01102222F1500400AC643B /* Sources */,
				AF01102322F1500400AC643B /* Frameworks */,
				AF01102422F1500400AC643B /* Resources */,
			);
			buildRules = (
			);
			dependencies = (
			);
			name = HealthyDog;
			productName = HealthyDog;
			productReference = AF01102622F1500400AC643B /* HealthyDog.app */;
			productType = "com.apple.product-type.application";
		};
/* End PBXNativeTarget section */

/* Begin PBXProject section */
		AF01101E22F1500400AC643B /* Project object */ = {
			isa = PBXProject;
			attributes = {
				LastSwiftUpdateCheck = 1030;
				LastUpgradeCheck = 1030;
				ORGANIZATIONNAME = "Benji Garrison";
				TargetAttributes = {
					AF01102522F1500400AC643B = {
						CreatedOnToolsVersion = 10.3;
					};
				};
			};
			buildConfigurationList = AF01102122F1500400AC643B /* Build configuration list for PBXProject "HealthyDog" */;
			compatibilityVersion = "Xcode 9.3";
			developmentRegion = en;
			hasScannedForEncodings = 0;
			knownRegions = (
				en,
				Base,
			);
			mainGroup = AF01101D22F1500400AC643B;
			productRefGroup = AF01102722F1500400AC643B /* Products */;
			projectDirPath = "";
			projectRoot = "";
			targets = (
				AF01102522F1500400AC643B /* HealthyDog */,
			);
		};
/* End PBXProject section */

/* Begin PBXResourcesBuildPhase section */
		AF01102422F1500400AC643B /* Resources */ = {
			isa = PBXResourcesBuildPhase;
			buildActionMask = 2147483647;
			files = (
				AF01103722F1500700AC643B /* LaunchScreen.storyboard in Resources */,
				AF01103422F1500700AC643B /* Assets.xcassets in Resources */,
				AF01102F22F1500400AC643B /* Main.storyboard in Resources */,
			);
			runOnlyForDeploymentPostprocessing = 0;
		};
/* End PBXResourcesBuildPhase section */

/* Begin PBXSourcesBuildPhase section */
		AF01102222F1500400AC643B /* Sources */ = {
			isa = PBXSourcesBuildPhase;
			buildActionMask = 2147483647;
			files = (
				AF01102C22F1500400AC643B /* ViewController.swift in Sources */,
				AF01102A22F1500400AC643B /* AppDelegate.swift in Sources */,
				AF01103222F1500400AC643B /* HealthyDog.xcdatamodeld in Sources */,
				AF8D531C22FA1C4F00786F25 /* calculations.swift in Sources */,
			);
			runOnlyForDeploymentPostprocessing = 0;
		};
/* End PBXSourcesBuildPhase section */

/* Begin PBXVariantGroup section */
		AF01102D22F1500400AC643B /* Main.storyboard */ = {
			isa = PBXVariantGroup;
			children = (
				AF01102E22F1500400AC643B /* Base */,
			);
			name = Main.storyboard;
			sourceTree = "<group>";
		};
		AF01103522F1500700AC643B /* LaunchScreen.storyboard */ = {
			isa = PBXVariantGroup;
			children = (
				AF01103622F1500700AC643B /* Base */,
			);
			name = LaunchScreen.storyboard;
			sourceTree = "<group>";
		};
/* End PBXVariantGroup section */

/* Begin XCBuildConfiguration section */
		AF01103922F1500700AC643B /* Debug */ = {
			isa = XCBuildConfiguration;
			buildSettings = {
				ALWAYS_SEARCH_USER_PATHS = NO;
				CLANG_ANALYZER_NONNULL = YES;
				CLANG_ANALYZER_NUMBER_OBJECT_CONVERSION = YES_AGGRESSIVE;
				CLANG_CXX_LANGUAGE_STANDARD = "gnu++14";
				CLANG_CXX_LIBRARY = "libc++";
				CLANG_ENABLE_MODULES = YES;
				CLANG_ENABLE_OBJC_ARC = YES;
				CLANG_ENABLE_OBJC_WEAK = YES;
				CLANG_WARN_BLOCK_CAPTURE_AUTORELEASING = YES;
				CLANG_WARN_BOOL_CONVERSION = YES;
				CLANG_WARN_COMMA = YES;
				CLANG_WARN_CONSTANT_CONVERSION = YES;
				CLANG_WARN_DEPRECATED_OBJC_IMPLEMENTATIONS = YES;
				CLANG_WARN_DIRECT_OBJC_ISA_USAGE = YES_ERROR;
				CLANG_WARN_DOCUMENTATION_COMMENTS = YES;
				CLANG_WARN_EMPTY_BODY = YES;
				CLANG_WARN_ENUM_CONVERSION = YES;
				CLANG_WARN_INFINITE_RECURSION = YES;
				CLANG_WARN_INT_CONVERSION = YES;
				CLANG_WARN_NON_LITERAL_NULL_CONVERSION = YES;
				CLANG_WARN_OBJC_IMPLICIT_RETAIN_SELF = YES;
				CLANG_WARN_OBJC_LITERAL_CONVERSION = YES;
				CLANG_WARN_OBJC_ROOT_CLASS = YES_ERROR;
				CLANG_WARN_RANGE_LOOP_ANALYSIS = YES;
				CLANG_WARN_STRICT_PROTOTYPES = YES;
				CLANG_WARN_SUSPICIOUS_MOVE = YES;
				CLANG_WARN_UNGUARDED_AVAILABILITY = YES_AGGRESSIVE;
				CLANG_WARN_UNREACHABLE_CODE = YES;
				CLANG_WARN__DUPLICATE_METHOD_MATCH = YES;
				CODE_SIGN_IDENTITY = "iPhone Developer";
				COPY_PHASE_STRIP = NO;
				DEBUG_INFORMATION_FORMAT = dwarf;
				ENABLE_STRICT_OBJC_MSGSEND = YES;
				ENABLE_TESTABILITY = YES;
				GCC_C_LANGUAGE_STANDARD = gnu11;
				GCC_DYNAMIC_NO_PIC = NO;
				GCC_NO_COMMON_BLOCKS = YES;
				GCC_OPTIMIZATION_LEVEL = 0;
				GCC_PREPROCESSOR_DEFINITIONS = (
					"DEBUG=1",
					"$(inherited)",
				);
				GCC_WARN_64_TO_32_BIT_CONVERSION = YES;
				GCC_WARN_ABOUT_RETURN_TYPE = YES_ERROR;
				GCC_WARN_UNDECLARED_SELECTOR = YES;
				GCC_WARN_UNINITIALIZED_AUTOS = YES_AGGRESSIVE;
				GCC_WARN_UNUSED_FUNCTION = YES;
				GCC_WARN_UNUSED_VARIABLE = YES;
				IPHONEOS_DEPLOYMENT_TARGET = 12.4;
				MTL_ENABLE_DEBUG_INFO = INCLUDE_SOURCE;
				MTL_FAST_MATH = YES;
				ONLY_ACTIVE_ARCH = YES;
				SDKROOT = iphoneos;
				SWIFT_ACTIVE_COMPILATION_CONDITIONS = DEBUG;
				SWIFT_OPTIMIZATION_LEVEL = "-Onone";
			};
			name = Debug;
		};
		AF01103A22F1500700AC643B /* Release */ = {
			isa = XCBuildConfiguration;
			buildSettings = {
				ALWAYS_SEARCH_USER_PATHS = NO;
				CLANG_ANALYZER_NONNULL = YES;
				CLANG_ANALYZER_NUMBER_OBJECT_CONVERSION = YES_AGGRESSIVE;
				CLANG_CXX_LANGUAGE_STANDARD = "gnu++14";
				CLANG_CXX_LIBRARY = "libc++";
				CLANG_ENABLE_MODULES = YES;
				CLANG_ENABLE_OBJC_ARC = YES;
				CLANG_ENABLE_OBJC_WEAK = YES;
				CLANG_WARN_BLOCK_CAPTURE_AUTORELEASING = YES;
				CLANG_WARN_BOOL_CONVERSION = YES;
				CLANG_WARN_COMMA = YES;
				CLANG_WARN_CONSTANT_CONVERSION = YES;
				CLANG_WARN_DEPRECATED_OBJC_IMPLEMENTATIONS = YES;
				CLANG_WARN_DIRECT_OBJC_ISA_USAGE = YES_ERROR;
				CLANG_WARN_DOCUMENTATION_COMMENTS = YES;
				CLANG_WARN_EMPTY_BODY = YES;
				CLANG_WARN_ENUM_CONVERSION = YES;
				CLANG_WARN_INFINITE_RECURSION = YES;
				CLANG_WARN_INT_CONVERSION = YES;
				CLANG_WARN_NON_LITERAL_NULL_CONVERSION = YES;
				CLANG_WARN_OBJC_IMPLICIT_RETAIN_SELF = YES;
				CLANG_WARN_OBJC_LITERAL_CONVERSION = YES;
				CLANG_WARN_OBJC_ROOT_CLASS = YES_ERROR;
				CLANG_WARN_RANGE_LOOP_ANALYSIS = YES;
				CLANG_WARN_STRICT_PROTOTYPES = YES;
				CLANG_WARN_SUSPICIOUS_MOVE = YES;
				CLANG_WARN_UNGUARDED_AVAILABILITY = YES_AGGRESSIVE;
				CLANG_WARN_UNREACHABLE_CODE = YES;
				CLANG_WARN__DUPLICATE_METHOD_MATCH = YES;
				CODE_SIGN_IDENTITY = "iPhone Developer";
				COPY_PHASE_STRIP = NO;
				DEBUG_INFORMATION_FORMAT = "dwarf-with-dsym";
				ENABLE_NS_ASSERTIONS = NO;
				ENABLE_STRICT_OBJC_MSGSEND = YES;
				GCC_C_LANGUAGE_STANDARD = gnu11;
				GCC_NO_COMMON_BLOCKS = YES;
				GCC_WARN_64_TO_32_BIT_CONVERSION = YES;
				GCC_WARN_ABOUT_RETURN_TYPE = YES_ERROR;
				GCC_WARN_UNDECLARED_SELECTOR = YES;
				GCC_WARN_UNINITIALIZED_AUTOS = YES_AGGRESSIVE;
				GCC_WARN_UNUSED_FUNCTION = YES;
				GCC_WARN_UNUSED_VARIABLE = YES;
				IPHONEOS_DEPLOYMENT_TARGET = 12.4;
				MTL_ENABLE_DEBUG_INFO = NO;
				MTL_FAST_MATH = YES;
				SDKROOT = iphoneos;
				SWIFT_COMPILATION_MODE = wholemodule;
				SWIFT_OPTIMIZATION_LEVEL = "-O";
				VALIDATE_PRODUCT = YES;
			};
			name = Release;
		};
		AF01103C22F1500700AC643B /* Debug */ = {
			isa = XCBuildConfiguration;
			buildSettings = {
				ASSETCATALOG_COMPILER_APPICON_NAME = AppIcon;
				CODE_SIGN_STYLE = Automatic;
				DEVELOPMENT_TEAM = J8HRFYT9P7;
				INFOPLIST_FILE = HealthyDog/Info.plist;
				IPHONEOS_DEPLOYMENT_TARGET = 12.3;
				LD_RUNPATH_SEARCH_PATHS = (
					"$(inherited)",
					"@executable_path/Frameworks",
				);
				PRODUCT_BUNDLE_IDENTIFIER = com.benjiGarrison.HealthyDog;
				PRODUCT_NAME = "$(TARGET_NAME)";
				SWIFT_VERSION = 5.0;
				TARGETED_DEVICE_FAMILY = "1,2";
			};
			name = Debug;
		};
		AF01103D22F1500700AC643B /* Release */ = {
			isa = XCBuildConfiguration;
			buildSettings = {
				ASSETCATALOG_COMPILER_APPICON_NAME = AppIcon;
				CODE_SIGN_STYLE = Automatic;
				DEVELOPMENT_TEAM = J8HRFYT9P7;
				INFOPLIST_FILE = HealthyDog/Info.plist;
				IPHONEOS_DEPLOYMENT_TARGET = 12.3;
				LD_RUNPATH_SEARCH_PATHS = (
					"$(inherited)",
					"@executable_path/Frameworks",
				);
				PRODUCT_BUNDLE_IDENTIFIER = com.benjiGarrison.HealthyDog;
				PRODUCT_NAME = "$(TARGET_NAME)";
				SWIFT_VERSION = 5.0;
				TARGETED_DEVICE_FAMILY = "1,2";
			};
			name = Release;
		};
/* End XCBuildConfiguration section */

/* Begin XCConfigurationList section */
		AF01102122F1500400AC643B /* Build configuration list for PBXProject "HealthyDog" */ = {
			isa = XCConfigurationList;
			buildConfigurations = (
				AF01103922F1500700AC643B /* Debug */,
				AF01103A22F1500700AC643B /* Release */,
			);
			defaultConfigurationIsVisible = 0;
			defaultConfigurationName = Release;
		};
		AF01103B22F1500700AC643B /* Build configuration list for PBXNativeTarget "HealthyDog" */ = {
			isa = XCConfigurationList;
			buildConfigurations = (
				AF01103C22F1500700AC643B /* Debug */,
				AF01103D22F1500700AC643B /* Release */,
			);
			defaultConfigurationIsVisible = 0;
			defaultConfigurationName = Release;
		};
/* End XCConfigurationList section */

/* Begin XCVersionGroup section */
		AF01103022F1500400AC643B /* HealthyDog.xcdatamodeld */ = {
			isa = XCVersionGroup;
			children = (
				AF01103122F1500400AC643B /* HealthyDog.xcdatamodel */,
			);
			currentVersion = AF01103122F1500400AC643B /* HealthyDog.xcdatamodel */;
			path = HealthyDog.xcdatamodeld;
			sourceTree = "<group>";
			versionGroupType = wrapper.xcdatamodel;
		};
/* End XCVersionGroup section */
	};
	rootObject = AF01101E22F1500400AC643B /* Project object */;
}
